// !$*UTF8*$!
{
	archiveVersion = 1;
	classes = {
	};
	objectVersion = 55;
	objects = {

/* Begin PBXBuildFile section */
		765C4F3E2873894900EC9450 /* Color+Extension.swift in Sources */ = {isa = PBXBuildFile; fileRef = 765C4F3D2873894900EC9450 /* Color+Extension.swift */; };
		765C4F412873919200EC9450 /* InquiryCollectionViewCell.swift in Sources */ = {isa = PBXBuildFile; fileRef = 765C4F402873919200EC9450 /* InquiryCollectionViewCell.swift */; };
		765C4F482873BBC400EC9450 /* Extra.swift in Sources */ = {isa = PBXBuildFile; fileRef = 765C4F472873BBC400EC9450 /* Extra.swift */; };
		76B7A495287C3D5400C58829 /* UIView+Extension.swift in Sources */ = {isa = PBXBuildFile; fileRef = 76B7A494287C3D5400C58829 /* UIView+Extension.swift */; };
		76B7A49D287C428700C58829 /* InquiryViewModel.swift in Sources */ = {isa = PBXBuildFile; fileRef = 76B7A49C287C428700C58829 /* InquiryViewModel.swift */; };
		76DFEB90286BC50D00185A5D /* AppDelegate.swift in Sources */ = {isa = PBXBuildFile; fileRef = 76DFEB8F286BC50D00185A5D /* AppDelegate.swift */; };
		76DFEB92286BC50D00185A5D /* SceneDelegate.swift in Sources */ = {isa = PBXBuildFile; fileRef = 76DFEB91286BC50D00185A5D /* SceneDelegate.swift */; };
		76DFEB99286BC50F00185A5D /* Assets.xcassets in Resources */ = {isa = PBXBuildFile; fileRef = 76DFEB98286BC50F00185A5D /* Assets.xcassets */; };
		76DFEB9C286BC50F00185A5D /* LaunchScreen.storyboard in Resources */ = {isa = PBXBuildFile; fileRef = 76DFEB9A286BC50F00185A5D /* LaunchScreen.storyboard */; };
		76DFEBA4286BC56500185A5D /* .gitignore in Resources */ = {isa = PBXBuildFile; fileRef = 76DFEBA3286BC56500185A5D /* .gitignore */; };
		76DFEBA6286BC5C900185A5D /* .swiftlint.yml in Resources */ = {isa = PBXBuildFile; fileRef = 76DFEBA5286BC5C900185A5D /* .swiftlint.yml */; };
		76DFEBAE286D209200185A5D /* MainTabBarController.swift in Sources */ = {isa = PBXBuildFile; fileRef = 76DFEBAD286D209200185A5D /* MainTabBarController.swift */; };
		76DFEBC52871799300185A5D /* HomeViewController.swift in Sources */ = {isa = PBXBuildFile; fileRef = 76DFEBC42871799300185A5D /* HomeViewController.swift */; };
		76DFEBC7287179B500185A5D /* BenefitViewController.swift in Sources */ = {isa = PBXBuildFile; fileRef = 76DFEBC6287179B500185A5D /* BenefitViewController.swift */; };
		76DFEBC9287179DA00185A5D /* TransferViewController.swift in Sources */ = {isa = PBXBuildFile; fileRef = 76DFEBC8287179DA00185A5D /* TransferViewController.swift */; };
		76DFEBCB28717A0300185A5D /* StockViewController.swift in Sources */ = {isa = PBXBuildFile; fileRef = 76DFEBCA28717A0300185A5D /* StockViewController.swift */; };
		76DFEBCD28717A0F00185A5D /* TotalViewController.swift in Sources */ = {isa = PBXBuildFile; fileRef = 76DFEBCC28717A0F00185A5D /* TotalViewController.swift */; };
/* End PBXBuildFile section */

/* Begin PBXFileReference section */
		765C4F3D2873894900EC9450 /* Color+Extension.swift */ = {isa = PBXFileReference; lastKnownFileType = sourcecode.swift; path = "Color+Extension.swift"; sourceTree = "<group>"; };
		765C4F402873919200EC9450 /* InquiryCollectionViewCell.swift */ = {isa = PBXFileReference; lastKnownFileType = sourcecode.swift; path = InquiryCollectionViewCell.swift; sourceTree = "<group>"; };
		765C4F472873BBC400EC9450 /* Extra.swift */ = {isa = PBXFileReference; lastKnownFileType = sourcecode.swift; path = Extra.swift; sourceTree = "<group>"; };
		76B7A494287C3D5400C58829 /* UIView+Extension.swift */ = {isa = PBXFileReference; lastKnownFileType = sourcecode.swift; path = "UIView+Extension.swift"; sourceTree = "<group>"; };
		76B7A49C287C428700C58829 /* InquiryViewModel.swift */ = {isa = PBXFileReference; lastKnownFileType = sourcecode.swift; path = InquiryViewModel.swift; sourceTree = "<group>"; };
		76DFEB8C286BC50D00185A5D /* CCC-2nd-Toss-Neal.app */ = {isa = PBXFileReference; explicitFileType = wrapper.application; includeInIndex = 0; path = "CCC-2nd-Toss-Neal.app"; sourceTree = BUILT_PRODUCTS_DIR; };
		76DFEB8F286BC50D00185A5D /* AppDelegate.swift */ = {isa = PBXFileReference; lastKnownFileType = sourcecode.swift; path = AppDelegate.swift; sourceTree = "<group>"; };
		76DFEB91286BC50D00185A5D /* SceneDelegate.swift */ = {isa = PBXFileReference; lastKnownFileType = sourcecode.swift; path = SceneDelegate.swift; sourceTree = "<group>"; };
		76DFEB98286BC50F00185A5D /* Assets.xcassets */ = {isa = PBXFileReference; lastKnownFileType = folder.assetcatalog; path = Assets.xcassets; sourceTree = "<group>"; };
		76DFEB9B286BC50F00185A5D /* Base */ = {isa = PBXFileReference; lastKnownFileType = file.storyboard; name = Base; path = Base.lproj/LaunchScreen.storyboard; sourceTree = "<group>"; };
		76DFEB9D286BC50F00185A5D /* Info.plist */ = {isa = PBXFileReference; lastKnownFileType = text.plist.xml; path = Info.plist; sourceTree = "<group>"; };
		76DFEBA3286BC56500185A5D /* .gitignore */ = {isa = PBXFileReference; lastKnownFileType = text; path = .gitignore; sourceTree = "<group>"; };
		76DFEBA5286BC5C900185A5D /* .swiftlint.yml */ = {isa = PBXFileReference; lastKnownFileType = text.yaml; path = .swiftlint.yml; sourceTree = "<group>"; };
		76DFEBAD286D209200185A5D /* MainTabBarController.swift */ = {isa = PBXFileReference; lastKnownFileType = sourcecode.swift; path = MainTabBarController.swift; sourceTree = "<group>"; };
		76DFEBC42871799300185A5D /* HomeViewController.swift */ = {isa = PBXFileReference; lastKnownFileType = sourcecode.swift; path = HomeViewController.swift; sourceTree = "<group>"; };
		76DFEBC6287179B500185A5D /* BenefitViewController.swift */ = {isa = PBXFileReference; lastKnownFileType = sourcecode.swift; path = BenefitViewController.swift; sourceTree = "<group>"; };
		76DFEBC8287179DA00185A5D /* TransferViewController.swift */ = {isa = PBXFileReference; lastKnownFileType = sourcecode.swift; path = TransferViewController.swift; sourceTree = "<group>"; };
		76DFEBCA28717A0300185A5D /* StockViewController.swift */ = {isa = PBXFileReference; lastKnownFileType = sourcecode.swift; path = StockViewController.swift; sourceTree = "<group>"; };
		76DFEBCC28717A0F00185A5D /* TotalViewController.swift */ = {isa = PBXFileReference; lastKnownFileType = sourcecode.swift; path = TotalViewController.swift; sourceTree = "<group>"; };
/* End PBXFileReference section */

/* Begin PBXFrameworksBuildPhase section */
		76DFEB89286BC50D00185A5D /* Frameworks */ = {
			isa = PBXFrameworksBuildPhase;
			buildActionMask = 2147483647;
			files = (
			);
			runOnlyForDeploymentPostprocessing = 0;
		};
/* End PBXFrameworksBuildPhase section */

/* Begin PBXGroup section */
		765C4F3B2873892D00EC9450 /* Resources */ = {
			isa = PBXGroup;
			children = (
				765C4F3C2873893500EC9450 /* Extension */,
			);
			path = Resources;
			sourceTree = "<group>";
		};
		765C4F3C2873893500EC9450 /* Extension */ = {
			isa = PBXGroup;
			children = (
				765C4F3D2873894900EC9450 /* Color+Extension.swift */,
				76B7A494287C3D5400C58829 /* UIView+Extension.swift */,
			);
			path = Extension;
			sourceTree = "<group>";
		};
		765C4F3F2873911700EC9450 /* View */ = {
			isa = PBXGroup;
			children = (
				765C4F402873919200EC9450 /* InquiryCollectionViewCell.swift */,
			);
			path = View;
			sourceTree = "<group>";
		};
		765C4F462873BBB600EC9450 /* Model */ = {
			isa = PBXGroup;
			children = (
				765C4F472873BBC400EC9450 /* Extra.swift */,
			);
			path = Model;
			sourceTree = "<group>";
		};
		76B7A49A287C403B00C58829 /* Core */ = {
			isa = PBXGroup;
			children = (
				76DFEBC42871799300185A5D /* HomeViewController.swift */,
				76DFEBC6287179B500185A5D /* BenefitViewController.swift */,
				76DFEBC8287179DA00185A5D /* TransferViewController.swift */,
				76DFEBCA28717A0300185A5D /* StockViewController.swift */,
				76DFEBCC28717A0F00185A5D /* TotalViewController.swift */,
				76DFEBAD286D209200185A5D /* MainTabBarController.swift */,
			);
			path = Core;
			sourceTree = "<group>";
		};
		76B7A49B287C427800C58829 /* ViewModel */ = {
			isa = PBXGroup;
			children = (
				76B7A49C287C428700C58829 /* InquiryViewModel.swift */,
			);
			path = ViewModel;
			sourceTree = "<group>";
		};
		76DFEB83286BC50D00185A5D = {
			isa = PBXGroup;
			children = (
				76DFEBA5286BC5C900185A5D /* .swiftlint.yml */,
				76DFEBA3286BC56500185A5D /* .gitignore */,
				76DFEB8E286BC50D00185A5D /* CCC-2nd-Toss-Neal */,
				76DFEB8D286BC50D00185A5D /* Products */,
			);
			sourceTree = "<group>";
		};
		76DFEB8D286BC50D00185A5D /* Products */ = {
			isa = PBXGroup;
			children = (
				76DFEB8C286BC50D00185A5D /* CCC-2nd-Toss-Neal.app */,
			);
			name = Products;
			sourceTree = "<group>";
		};
		76DFEB8E286BC50D00185A5D /* CCC-2nd-Toss-Neal */ = {
			isa = PBXGroup;
			children = (
				765C4F3B2873892D00EC9450 /* Resources */,
				765C4F462873BBB600EC9450 /* Model */,
				76B7A49B287C427800C58829 /* ViewModel */,
				765C4F3F2873911700EC9450 /* View */,
				76DFEBC32871796C00185A5D /* Controllers */,
				76DFEB8F286BC50D00185A5D /* AppDelegate.swift */,
				76DFEB91286BC50D00185A5D /* SceneDelegate.swift */,
				76DFEB98286BC50F00185A5D /* Assets.xcassets */,
				76DFEB9A286BC50F00185A5D /* LaunchScreen.storyboard */,
				76DFEB9D286BC50F00185A5D /* Info.plist */,
			);
			path = "CCC-2nd-Toss-Neal";
			sourceTree = "<group>";
		};
		76DFEBC32871796C00185A5D /* Controllers */ = {
			isa = PBXGroup;
			children = (
				76B7A49A287C403B00C58829 /* Core */,
			);
			path = Controllers;
			sourceTree = "<group>";
		};
/* End PBXGroup section */

/* Begin PBXNativeTarget section */
		76DFEB8B286BC50D00185A5D /* CCC-2nd-Toss-Neal */ = {
			isa = PBXNativeTarget;
			buildConfigurationList = 76DFEBA0286BC50F00185A5D /* Build configuration list for PBXNativeTarget "CCC-2nd-Toss-Neal" */;
			buildPhases = (
				76DFEB88286BC50D00185A5D /* Sources */,
				76DFEB89286BC50D00185A5D /* Frameworks */,
				76DFEB8A286BC50D00185A5D /* Resources */,
				765C4F362872DC3E00EC9450 /* ShellScript */,
			);
			buildRules = (
			);
			dependencies = (
			);
			name = "CCC-2nd-Toss-Neal";
			productName = "CCC-2nd-Toss-Neal";
			productReference = 76DFEB8C286BC50D00185A5D /* CCC-2nd-Toss-Neal.app */;
			productType = "com.apple.product-type.application";
		};
/* End PBXNativeTarget section */

/* Begin PBXProject section */
		76DFEB84286BC50D00185A5D /* Project object */ = {
			isa = PBXProject;
			attributes = {
				BuildIndependentTargetsInParallel = 1;
				LastSwiftUpdateCheck = 1330;
				LastUpgradeCheck = 1330;
				TargetAttributes = {
					76DFEB8B286BC50D00185A5D = {
						CreatedOnToolsVersion = 13.3.1;
					};
				};
			};
			buildConfigurationList = 76DFEB87286BC50D00185A5D /* Build configuration list for PBXProject "CCC-2nd-Toss-Neal" */;
			compatibilityVersion = "Xcode 13.0";
			developmentRegion = en;
			hasScannedForEncodings = 0;
			knownRegions = (
				en,
				Base,
			);
			mainGroup = 76DFEB83286BC50D00185A5D;
			productRefGroup = 76DFEB8D286BC50D00185A5D /* Products */;
			projectDirPath = "";
			projectRoot = "";
			targets = (
				76DFEB8B286BC50D00185A5D /* CCC-2nd-Toss-Neal */,
			);
		};
/* End PBXProject section */

/* Begin PBXResourcesBuildPhase section */
		76DFEB8A286BC50D00185A5D /* Resources */ = {
			isa = PBXResourcesBuildPhase;
			buildActionMask = 2147483647;
			files = (
				76DFEBA6286BC5C900185A5D /* .swiftlint.yml in Resources */,
				76DFEBA4286BC56500185A5D /* .gitignore in Resources */,
				76DFEB9C286BC50F00185A5D /* LaunchScreen.storyboard in Resources */,
				76DFEB99286BC50F00185A5D /* Assets.xcassets in Resources */,
			);
			runOnlyForDeploymentPostprocessing = 0;
		};
/* End PBXResourcesBuildPhase section */

/* Begin PBXShellScriptBuildPhase section */
		765C4F362872DC3E00EC9450 /* ShellScript */ = {
			isa = PBXShellScriptBuildPhase;
			buildActionMask = 2147483647;
			files = (
			);
			inputFileListPaths = (
			);
			inputPaths = (
			);
			outputFileListPaths = (
			);
			outputPaths = (
			);
			runOnlyForDeploymentPostprocessing = 0;
			shellPath = /bin/sh;
			shellScript = "export PATH=\"$PATH:/opt/homebrew/bin\"\nif which swiftlint > /dev/null; then\n  swiftlint\nelse\n  echo \"warning: SwiftLint not installed, download from https://github.com/realm/SwiftLint\"\nfi\n";
		};
/* End PBXShellScriptBuildPhase section */

/* Begin PBXSourcesBuildPhase section */
		76DFEB88286BC50D00185A5D /* Sources */ = {
			isa = PBXSourcesBuildPhase;
			buildActionMask = 2147483647;
			files = (
				765C4F412873919200EC9450 /* InquiryCollectionViewCell.swift in Sources */,
				76DFEBC52871799300185A5D /* HomeViewController.swift in Sources */,
				765C4F3E2873894900EC9450 /* Color+Extension.swift in Sources */,
				76DFEBC9287179DA00185A5D /* TransferViewController.swift in Sources */,
				76DFEBC7287179B500185A5D /* BenefitViewController.swift in Sources */,
				76DFEB90286BC50D00185A5D /* AppDelegate.swift in Sources */,
				76B7A495287C3D5400C58829 /* UIView+Extension.swift in Sources */,
				76DFEBAE286D209200185A5D /* MainTabBarController.swift in Sources */,
				76DFEB92286BC50D00185A5D /* SceneDelegate.swift in Sources */,
				76B7A49D287C428700C58829 /* InquiryViewModel.swift in Sources */,
				76DFEBCB28717A0300185A5D /* StockViewController.swift in Sources */,
				76DFEBCD28717A0F00185A5D /* TotalViewController.swift in Sources */,
				765C4F482873BBC400EC9450 /* Extra.swift in Sources */,
			);
			runOnlyForDeploymentPostprocessing = 0;
		};
/* End PBXSourcesBuildPhase section */

/* Begin PBXVariantGroup section */
		76DFEB9A286BC50F00185A5D /* LaunchScreen.storyboard */ = {
			isa = PBXVariantGroup;
			children = (
				76DFEB9B286BC50F00185A5D /* Base */,
			);
			name = LaunchScreen.storyboard;
			sourceTree = "<group>";
		};
/* End PBXVariantGroup section */

/* Begin XCBuildConfiguration section */
		76DFEB9E286BC50F00185A5D /* Debug */ = {
			isa = XCBuildConfiguration;
			buildSettings = {
				ALWAYS_SEARCH_USER_PATHS = NO;
				CLANG_ANALYZER_NONNULL = YES;
				CLANG_ANALYZER_NUMBER_OBJECT_CONVERSION = YES_AGGRESSIVE;
				CLANG_CXX_LANGUAGE_STANDARD = "gnu++17";
				CLANG_ENABLE_MODULES = YES;
				CLANG_ENABLE_OBJC_ARC = YES;
				CLANG_ENABLE_OBJC_WEAK = YES;
				CLANG_WARN_BLOCK_CAPTURE_AUTORELEASING = YES;
				CLANG_WARN_BOOL_CONVERSION = YES;
				CLANG_WARN_COMMA = YES;
				CLANG_WARN_CONSTANT_CONVERSION = YES;
				CLANG_WARN_DEPRECATED_OBJC_IMPLEMENTATIONS = YES;
				CLANG_WARN_DIRECT_OBJC_ISA_USAGE = YES_ERROR;
				CLANG_WARN_DOCUMENTATION_COMMENTS = YES;
				CLANG_WARN_EMPTY_BODY = YES;
				CLANG_WARN_ENUM_CONVERSION = YES;
				CLANG_WARN_INFINITE_RECURSION = YES;
				CLANG_WARN_INT_CONVERSION = YES;
				CLANG_WARN_NON_LITERAL_NULL_CONVERSION = YES;
				CLANG_WARN_OBJC_IMPLICIT_RETAIN_SELF = YES;
				CLANG_WARN_OBJC_LITERAL_CONVERSION = YES;
				CLANG_WARN_OBJC_ROOT_CLASS = YES_ERROR;
				CLANG_WARN_QUOTED_INCLUDE_IN_FRAMEWORK_HEADER = YES;
				CLANG_WARN_RANGE_LOOP_ANALYSIS = YES;
				CLANG_WARN_STRICT_PROTOTYPES = YES;
				CLANG_WARN_SUSPICIOUS_MOVE = YES;
				CLANG_WARN_UNGUARDED_AVAILABILITY = YES_AGGRESSIVE;
				CLANG_WARN_UNREACHABLE_CODE = YES;
				CLANG_WARN__DUPLICATE_METHOD_MATCH = YES;
				COPY_PHASE_STRIP = NO;
				DEBUG_INFORMATION_FORMAT = dwarf;
				ENABLE_STRICT_OBJC_MSGSEND = YES;
				ENABLE_TESTABILITY = YES;
				GCC_C_LANGUAGE_STANDARD = gnu11;
				GCC_DYNAMIC_NO_PIC = NO;
				GCC_NO_COMMON_BLOCKS = YES;
				GCC_OPTIMIZATION_LEVEL = 0;
				GCC_PREPROCESSOR_DEFINITIONS = (
					"DEBUG=1",
					"$(inherited)",
				);
				GCC_WARN_64_TO_32_BIT_CONVERSION = YES;
				GCC_WARN_ABOUT_RETURN_TYPE = YES_ERROR;
				GCC_WARN_UNDECLARED_SELECTOR = YES;
				GCC_WARN_UNINITIALIZED_AUTOS = YES_AGGRESSIVE;
				GCC_WARN_UNUSED_FUNCTION = YES;
				GCC_WARN_UNUSED_VARIABLE = YES;
				IPHONEOS_DEPLOYMENT_TARGET = 15.4;
				MTL_ENABLE_DEBUG_INFO = INCLUDE_SOURCE;
				MTL_FAST_MATH = YES;
				ONLY_ACTIVE_ARCH = YES;
				SDKROOT = iphoneos;
				SWIFT_ACTIVE_COMPILATION_CONDITIONS = DEBUG;
				SWIFT_OPTIMIZATION_LEVEL = "-Onone";
			};
			name = Debug;
		};
		76DFEB9F286BC50F00185A5D /* Release */ = {
			isa = XCBuildConfiguration;
			buildSettings = {
				ALWAYS_SEARCH_USER_PATHS = NO;
				CLANG_ANALYZER_NONNULL = YES;
				CLANG_ANALYZER_NUMBER_OBJECT_CONVERSION = YES_AGGRESSIVE;
				CLANG_CXX_LANGUAGE_STANDARD = "gnu++17";
				CLANG_ENABLE_MODULES = YES;
				CLANG_ENABLE_OBJC_ARC = YES;
				CLANG_ENABLE_OBJC_WEAK = YES;
				CLANG_WARN_BLOCK_CAPTURE_AUTORELEASING = YES;
				CLANG_WARN_BOOL_CONVERSION = YES;
				CLANG_WARN_COMMA = YES;
				CLANG_WARN_CONSTANT_CONVERSION = YES;
				CLANG_WARN_DEPRECATED_OBJC_IMPLEMENTATIONS = YES;
				CLANG_WARN_DIRECT_OBJC_ISA_USAGE = YES_ERROR;
				CLANG_WARN_DOCUMENTATION_COMMENTS = YES;
				CLANG_WARN_EMPTY_BODY = YES;
				CLANG_WARN_ENUM_CONVERSION = YES;
				CLANG_WARN_INFINITE_RECURSION = YES;
				CLANG_WARN_INT_CONVERSION = YES;
				CLANG_WARN_NON_LITERAL_NULL_CONVERSION = YES;
				CLANG_WARN_OBJC_IMPLICIT_RETAIN_SELF = YES;
				CLANG_WARN_OBJC_LITERAL_CONVERSION = YES;
				CLANG_WARN_OBJC_ROOT_CLASS = YES_ERROR;
				CLANG_WARN_QUOTED_INCLUDE_IN_FRAMEWORK_HEADER = YES;
				CLANG_WARN_RANGE_LOOP_ANALYSIS = YES;
				CLANG_WARN_STRICT_PROTOTYPES = YES;
				CLANG_WARN_SUSPICIOUS_MOVE = YES;
				CLANG_WARN_UNGUARDED_AVAILABILITY = YES_AGGRESSIVE;
				CLANG_WARN_UNREACHABLE_CODE = YES;
				CLANG_WARN__DUPLICATE_METHOD_MATCH = YES;
				COPY_PHASE_STRIP = NO;
				DEBUG_INFORMATION_FORMAT = "dwarf-with-dsym";
				ENABLE_NS_ASSERTIONS = NO;
				ENABLE_STRICT_OBJC_MSGSEND = YES;
				GCC_C_LANGUAGE_STANDARD = gnu11;
				GCC_NO_COMMON_BLOCKS = YES;
				GCC_WARN_64_TO_32_BIT_CONVERSION = YES;
				GCC_WARN_ABOUT_RETURN_TYPE = YES_ERROR;
				GCC_WARN_UNDECLARED_SELECTOR = YES;
				GCC_WARN_UNINITIALIZED_AUTOS = YES_AGGRESSIVE;
				GCC_WARN_UNUSED_FUNCTION = YES;
				GCC_WARN_UNUSED_VARIABLE = YES;
				IPHONEOS_DEPLOYMENT_TARGET = 15.4;
				MTL_ENABLE_DEBUG_INFO = NO;
				MTL_FAST_MATH = YES;
				SDKROOT = iphoneos;
				SWIFT_COMPILATION_MODE = wholemodule;
				SWIFT_OPTIMIZATION_LEVEL = "-O";
				VALIDATE_PRODUCT = YES;
			};
			name = Release;
		};
		76DFEBA1286BC50F00185A5D /* Debug */ = {
			isa = XCBuildConfiguration;
			buildSettings = {
				ASSETCATALOG_COMPILER_APPICON_NAME = AppIcon;
				ASSETCATALOG_COMPILER_GLOBAL_ACCENT_COLOR_NAME = AccentColor;
				CODE_SIGN_STYLE = Automatic;
				CURRENT_PROJECT_VERSION = 1;
				DEVELOPMENT_TEAM = 2RG6A633V9;
				GENERATE_INFOPLIST_FILE = YES;
				INFOPLIST_FILE = "CCC-2nd-Toss-Neal/Info.plist";
				INFOPLIST_KEY_UIApplicationSupportsIndirectInputEvents = YES;
				INFOPLIST_KEY_UILaunchStoryboardName = LaunchScreen;
				INFOPLIST_KEY_UISupportedInterfaceOrientations_iPad = "UIInterfaceOrientationPortrait UIInterfaceOrientationPortraitUpsideDown UIInterfaceOrientationLandscapeLeft UIInterfaceOrientationLandscapeRight";
				INFOPLIST_KEY_UISupportedInterfaceOrientations_iPhone = "UIInterfaceOrientationPortrait UIInterfaceOrientationLandscapeLeft UIInterfaceOrientationLandscapeRight";
				LD_RUNPATH_SEARCH_PATHS = (
					"$(inherited)",
					"@executable_path/Frameworks",
				);
				MARKETING_VERSION = 1.0;
				PRODUCT_BUNDLE_IDENTIFIER = "ADA.CCC-2nd-Toss-Neal";
				PRODUCT_NAME = "$(TARGET_NAME)";
				SWIFT_EMIT_LOC_STRINGS = YES;
				SWIFT_VERSION = 5.0;
				TARGETED_DEVICE_FAMILY = "1,2";
			};
			name = Debug;
		};
		76DFEBA2286BC50F00185A5D /* Release */ = {
			isa = XCBuildConfiguration;
			buildSettings = {
				ASSETCATALOG_COMPILER_APPICON_NAME = AppIcon;
				ASSETCATALOG_COMPILER_GLOBAL_ACCENT_COLOR_NAME = AccentColor;
				CODE_SIGN_STYLE = Automatic;
				CURRENT_PROJECT_VERSION = 1;
				DEVELOPMENT_TEAM = 2RG6A633V9;
				GENERATE_INFOPLIST_FILE = YES;
				INFOPLIST_FILE = "CCC-2nd-Toss-Neal/Info.plist";
				INFOPLIST_KEY_UIApplicationSupportsIndirectInputEvents = YES;
				INFOPLIST_KEY_UILaunchStoryboardName = LaunchScreen;
				INFOPLIST_KEY_UISupportedInterfaceOrientations_iPad = "UIInterfaceOrientationPortrait UIInterfaceOrientationPortraitUpsideDown UIInterfaceOrientationLandscapeLeft UIInterfaceOrientationLandscapeRight";
				INFOPLIST_KEY_UISupportedInterfaceOrientations_iPhone = "UIInterfaceOrientationPortrait UIInterfaceOrientationLandscapeLeft UIInterfaceOrientationLandscapeRight";
				LD_RUNPATH_SEARCH_PATHS = (
					"$(inherited)",
					"@executable_path/Frameworks",
				);
				MARKETING_VERSION = 1.0;
				PRODUCT_BUNDLE_IDENTIFIER = "ADA.CCC-2nd-Toss-Neal";
				PRODUCT_NAME = "$(TARGET_NAME)";
				SWIFT_EMIT_LOC_STRINGS = YES;
				SWIFT_VERSION = 5.0;
				TARGETED_DEVICE_FAMILY = "1,2";
			};
			name = Release;
		};
/* End XCBuildConfiguration section */

/* Begin XCConfigurationList section */
		76DFEB87286BC50D00185A5D /* Build configuration list for PBXProject "CCC-2nd-Toss-Neal" */ = {
			isa = XCConfigurationList;
			buildConfigurations = (
				76DFEB9E286BC50F00185A5D /* Debug */,
				76DFEB9F286BC50F00185A5D /* Release */,
			);
			defaultConfigurationIsVisible = 0;
			defaultConfigurationName = Release;
		};
		76DFEBA0286BC50F00185A5D /* Build configuration list for PBXNativeTarget "CCC-2nd-Toss-Neal" */ = {
			isa = XCConfigurationList;
			buildConfigurations = (
				76DFEBA1286BC50F00185A5D /* Debug */,
				76DFEBA2286BC50F00185A5D /* Release */,
			);
			defaultConfigurationIsVisible = 0;
			defaultConfigurationName = Release;
		};
/* End XCConfigurationList section */
	};
	rootObject = 76DFEB84286BC50D00185A5D /* Project object */;
}
